
Microsoft Visual Studio Solution File, Format Version 12.00
# Visual Studio Version 16
VisualStudioVersion = 16.0.29709.97
MinimumVisualStudioVersion = 10.0.40219.1
Project("{FAE04EC0-301F-11D3-BF4B-00C04F79EFBC}") = "PL", "PL\PL.csproj", "{A01A269B-ADE6-4E35-B8E0-D4DF60CAE392}"
EndProject
Project("{FAE04EC0-301F-11D3-BF4B-00C04F79EFBC}") = "DAL", "DAL\DAL.csproj", "{5D482DB5-E11E-4BE7-93C6-28582178E63B}"
EndProject
Project("{FAE04EC0-301F-11D3-BF4B-00C04F79EFBC}") = "BLL", "BLL\BLL.csproj", "{43B68E76-54FE-4672-B30D-38A57DF1586B}"
EndProject
Global
	GlobalSection(SolutionConfigurationPlatforms) = preSolution
		Debug|Any CPU = Debug|Any CPU
		Release|Any CPU = Release|Any CPU
	EndGlobalSection
	GlobalSection(ProjectConfigurationPlatforms) = postSolution
		{A01A269B-ADE6-4E35-B8E0-D4DF60CAE392}.Debug|Any CPU.ActiveCfg = Debug|Any CPU
		{A01A269B-ADE6-4E35-B8E0-D4DF60CAE392}.Debug|Any CPU.Build.0 = Debug|Any CPU
		{A01A269B-ADE6-4E35-B8E0-D4DF60CAE392}.Release|Any CPU.ActiveCfg = Release|Any CPU
		{A01A269B-ADE6-4E35-B8E0-D4DF60CAE392}.Release|Any CPU.Build.0 = Release|Any CPU
		{5D482DB5-E11E-4BE7-93C6-28582178E63B}.Debug|Any CPU.ActiveCfg = Debug|Any CPU
		{5D482DB5-E11E-4BE7-93C6-28582178E63B}.Debug|Any CPU.Build.0 = Debug|Any CPU
		{5D482DB5-E11E-4BE7-93C6-28582178E63B}.Release|Any CPU.ActiveCfg = Release|Any CPU
		{5D482DB5-E11E-4BE7-93C6-28582178E63B}.Release|Any CPU.Build.0 = Release|Any CPU
		{43B68E76-54FE-4672-B30D-38A57DF1586B}.Debug|Any CPU.ActiveCfg = Debug|Any CPU
		{43B68E76-54FE-4672-B30D-38A57DF1586B}.Debug|Any CPU.Build.0 = Debug|Any CPU
		{43B68E76-54FE-4672-B30D-38A57DF1586B}.Release|Any CPU.ActiveCfg = Release|Any CPU
		{43B68E76-54FE-4672-B30D-38A57DF1586B}.Release|Any CPU.Build.0 = Release|Any CPU
	EndGlobalSection
	GlobalSection(SolutionProperties) = preSolution
		HideSolutionNode = FALSE
	EndGlobalSection
	GlobalSection(ExtensibilityGlobals) = postSolution
		SolutionGuid = {D33793AB-62FF-4227-AA70-D22B550DA16B}
	EndGlobalSection
EndGlobal
